PODS:
  - Alamofire (5.6.4)
  - DDYQRCode (1.0.0)
  - DDYSwiftyExtension (1.0.0)
  - EmptyDataSet-Swift (5.0.0)
  - IQKeyboardManagerSwift (6.5.11)
  - JXSegmentedView (1.3.0)
  - Kingfisher (7.2.0)
  - Moya (15.0.0):
    - Moya/Core (= 15.0.0)
  - Moya/Core (15.0.0):
    - Alamofire (~> 5.0)
  - ProgressHUD (13.6.2)
  - RxSwift (6.5.0)
  - SnapKit (5.6.0)
  - SwiftyJSON (5.0.1)
  - SwiftyUserDefaults (5.3.0)
  - Then (3.0.0)

DEPENDENCIES:
  - Alamofire (= 5.6.4)
  - DDYQRCode (from `elevator/LocalPodSpec/`)
  - DDYSwiftyExtension (from `elevator/LocalPodSpec/`)
  - EmptyDataSet-Swift (= 5.0.0)
  - IQKeyboardManagerSwift (= 6.5.11)
  - JXSegmentedView (= 1.3.0)
  - Kingfisher (= 7.2.0)
  - Moya (= 15.0.0)
  - ProgressHUD (= 13.6.2)
  - RxSwift (= 6.5.0)
  - SnapKit (= 5.6.0)
  - SwiftyJSON (= 5.0.1)
  - SwiftyUserDefaults (= 5.3.0)
  - Then (~> 3.0.0)

SPEC REPOS:
  trunk:
    - Alamofire
    - EmptyDataSet-Swift
    - IQKeyboardManagerSwift
    - JXSegmentedView
    - Kingfisher
    - Moya
    - ProgressHUD
    - RxSwift
    - SnapKit
    - SwiftyJSON
    - SwiftyUserDefaults
    - Then

EXTERNAL SOURCES:
  DDYQRCode:
    :path: elevator/LocalPodSpec/
  DDYSwiftyExtension:
    :path: elevator/LocalPodSpec/

SPEC CHECKSUMS:
  Alamofire: 4e95d97098eacb88856099c4fc79b526a299e48c
  DDYQRCode: 97116e1465383f80978cd604368bf24d564607ae
  DDYSwiftyExtension: 98682e6e5c0516d43ac4b34fd470ae82f9ac3de9
  EmptyDataSet-Swift: eb382c0c87a2d9c678077385a595cec52da38171
  IQKeyboardManagerSwift: c7955c0bdbf7b2eb29bb7daaa44e3d90f55a9a85
  JXSegmentedView: fec0d335355b6e019c494fe2e030bde8a36d2df6
  Kingfisher: 3ac0b75b155cabc0e544877d1a4deea29feece92
  Moya: 138f0573e53411fb3dc17016add0b748dfbd78ee
  ProgressHUD: 355915c8f033e626788fa9b0d99d06e8691595ab
  RxSwift: 5710a9e6b17f3c3d6e40d6e559b9fa1e813b2ef8
  SnapKit: e01d52ebb8ddbc333eefe2132acf85c8227d9c25
  SwiftyJSON: 2f33a42c6fbc52764d96f13368585094bfd8aa5e
  SwiftyUserDefaults: 63f80248cf5bfb3458825d9a78f2eb7e1293a040
  Then: 844265ae87834bbe1147d91d5d41a404da2ec27d

PODFILE CHECKSUM: 60114f463879457a3997f73c3a0341979f470054

COCOAPODS: 1.11.3
